// !$*UTF8*$!
{
	archiveVersion = 1;
	classes = {
	};
	objectVersion = 50;
	objects = {

/* Begin PBXBuildFile section */
		3E09360625DBB148000CC953 /* RemoteFeedItem.swift in Sources */ = {isa = PBXBuildFile; fileRef = 3E09360525DBB148000CC953 /* RemoteFeedItem.swift */; };
		3E09360B25DBB15A000CC953 /* LocalFeedImage.swift in Sources */ = {isa = PBXBuildFile; fileRef = 3E09360A25DBB15A000CC953 /* LocalFeedImage.swift */; };
		3E1780E825C4A34B00684740 /* URLSessionHTTPClientTests.swift in Sources */ = {isa = PBXBuildFile; fileRef = 3E1780E725C4A34B00684740 /* URLSessionHTTPClientTests.swift */; };
		3E1A4E1025C8251E00281EBA /* XCTestCase+MemoryLeakTracking.swift in Sources */ = {isa = PBXBuildFile; fileRef = 3E1A4E0F25C8251E00281EBA /* XCTestCase+MemoryLeakTracking.swift */; };
		3E1A4E2125C8585400281EBA /* URLSessionHTTPClient.swift in Sources */ = {isa = PBXBuildFile; fileRef = 3E1A4E2025C8585400281EBA /* URLSessionHTTPClient.swift */; };
		3E26A61E25D996AD009F88A7 /* CacheFeedUseCaseTests.swift in Sources */ = {isa = PBXBuildFile; fileRef = 3E26A61D25D996AD009F88A7 /* CacheFeedUseCaseTests.swift */; };
		3E26A62725D9CA89009F88A7 /* LocalFeedLoader.swift in Sources */ = {isa = PBXBuildFile; fileRef = 3E26A62625D9CA89009F88A7 /* LocalFeedLoader.swift */; };
		3E26A62C25D9CAB1009F88A7 /* FeedStore.swift in Sources */ = {isa = PBXBuildFile; fileRef = 3E26A62B25D9CAB1009F88A7 /* FeedStore.swift */; };
		3E294EC525CA96FE00DBD681 /* EssentialFeedAPIEndToEndTests.swift in Sources */ = {isa = PBXBuildFile; fileRef = 3E294EC425CA96FE00DBD681 /* EssentialFeedAPIEndToEndTests.swift */; };
		3E294EC725CA96FE00DBD681 /* EssentialFeed.framework in Frameworks */ = {isa = PBXBuildFile; fileRef = 3EFB890525BC7DDA00D712F4 /* EssentialFeed.framework */; };
		3E294ED025CA9BDA00DBD681 /* XCTestCase+MemoryLeakTracking.swift in Sources */ = {isa = PBXBuildFile; fileRef = 3E1A4E0F25C8251E00281EBA /* XCTestCase+MemoryLeakTracking.swift */; };
		3E40F57B25E6645900E8241B /* ValidateFeedCacheUseCaseTests.swift in Sources */ = {isa = PBXBuildFile; fileRef = 3E40F57A25E6645900E8241B /* ValidateFeedCacheUseCaseTests.swift */; };
		3E40F58025E6786300E8241B /* FeedCacheTestHelpers.swift in Sources */ = {isa = PBXBuildFile; fileRef = 3E40F57F25E6786300E8241B /* FeedCacheTestHelpers.swift */; };
		3E40F58525E6791B00E8241B /* SharedTestHelpers.swift in Sources */ = {isa = PBXBuildFile; fileRef = 3E40F58425E6791B00E8241B /* SharedTestHelpers.swift */; };
		3E52A37D25C0BD8B00633B78 /* HTTPClient.swift in Sources */ = {isa = PBXBuildFile; fileRef = 3E52A37C25C0BD8B00633B78 /* HTTPClient.swift */; };
		3E52A38125C0BDA700633B78 /* FeedItemsMapper.swift in Sources */ = {isa = PBXBuildFile; fileRef = 3E52A38025C0BDA700633B78 /* FeedItemsMapper.swift */; };
		3E5751F225E7BBFB00360FDD /* FeedCachePolicy.swift in Sources */ = {isa = PBXBuildFile; fileRef = 3E5751F125E7BBFB00360FDD /* FeedCachePolicy.swift */; };
		3E7F5DA625E8E67200BCFF12 /* CodableFeedStoreTests.swift in Sources */ = {isa = PBXBuildFile; fileRef = 3E7F5DA525E8E67200BCFF12 /* CodableFeedStoreTests.swift */; };
		3EAD4A9825E3BBCD0026A026 /* LoadFeedFromCacheUseCaseTests.swift in Sources */ = {isa = PBXBuildFile; fileRef = 3EAD4A9725E3BBCD0026A026 /* LoadFeedFromCacheUseCaseTests.swift */; };
		3EAD4A9E25E3BF190026A026 /* FeedStoreSpy.swift in Sources */ = {isa = PBXBuildFile; fileRef = 3EAD4A9D25E3BF190026A026 /* FeedStoreSpy.swift */; };
		3ECC206125EAEC3F00CD94AB /* CodableFeedStore.swift in Sources */ = {isa = PBXBuildFile; fileRef = 3ECC206025EAEC3F00CD94AB /* CodableFeedStore.swift */; };
		3ECC206925EB01A400CD94AB /* FeedStoreSpecs.swift in Sources */ = {isa = PBXBuildFile; fileRef = 3ECC206825EB01A300CD94AB /* FeedStoreSpecs.swift */; };
		3ECC207125EB0AD100CD94AB /* XCTestCase+FeedStoreSpecs.swift in Sources */ = {isa = PBXBuildFile; fileRef = 3ECC207025EB0AD100CD94AB /* XCTestCase+FeedStoreSpecs.swift */; };
		3ECC207925EB0FAB00CD94AB /* XCTestCase+FailableRetrieveFeedStoreSpecs.swift in Sources */ = {isa = PBXBuildFile; fileRef = 3ECC207825EB0FAB00CD94AB /* XCTestCase+FailableRetrieveFeedStoreSpecs.swift */; };
		3ECC207E25EB108E00CD94AB /* XCTestCase+FailableInsertFeedStoreSpecs.swift in Sources */ = {isa = PBXBuildFile; fileRef = 3ECC207D25EB108E00CD94AB /* XCTestCase+FailableInsertFeedStoreSpecs.swift */; };
		3ECC208625EB118D00CD94AB /* XCTestCase+FailableDeleteFeedStoreSpecs.swift in Sources */ = {isa = PBXBuildFile; fileRef = 3ECC208525EB118D00CD94AB /* XCTestCase+FailableDeleteFeedStoreSpecs.swift */; };
		3EFB890F25BC7DDA00D712F4 /* EssentialFeed.framework in Frameworks */ = {isa = PBXBuildFile; fileRef = 3EFB890525BC7DDA00D712F4 /* EssentialFeed.framework */; };
		3EFB891625BC7DDA00D712F4 /* EssentialFeed.h in Headers */ = {isa = PBXBuildFile; fileRef = 3EFB890825BC7DDA00D712F4 /* EssentialFeed.h */; settings = {ATTRIBUTES = (Public, ); }; };
		3EFB892725BC7E5200D712F4 /* FeedImage.swift in Sources */ = {isa = PBXBuildFile; fileRef = 3EFB892625BC7E5200D712F4 /* FeedImage.swift */; };
		3EFB892B25BC7E6200D712F4 /* FeedLoader.swift in Sources */ = {isa = PBXBuildFile; fileRef = 3EFB892A25BC7E6200D712F4 /* FeedLoader.swift */; };
		3EFB892F25BC7E6E00D712F4 /* Resources in Resources */ = {isa = PBXBuildFile; fileRef = 3EFB892E25BC7E6E00D712F4 /* Resources */; };
		3EFB893725BCD24400D712F4 /* LoadFeedFromRemoteUseCaseTests.swift in Sources */ = {isa = PBXBuildFile; fileRef = 3EFB893625BCD24400D712F4 /* LoadFeedFromRemoteUseCaseTests.swift */; };
		3EFB893C25BDBDA900D712F4 /* RemoteFeedLoader.swift in Sources */ = {isa = PBXBuildFile; fileRef = 3EFB893B25BDBDA900D712F4 /* RemoteFeedLoader.swift */; };
/* End PBXBuildFile section */

/* Begin PBXContainerItemProxy section */
		3E294EC825CA96FE00DBD681 /* PBXContainerItemProxy */ = {
			isa = PBXContainerItemProxy;
			containerPortal = 3EFB88FC25BC7DDA00D712F4 /* Project object */;
			proxyType = 1;
			remoteGlobalIDString = 3EFB890425BC7DDA00D712F4;
			remoteInfo = EssentialFeed;
		};
		3EFB891025BC7DDA00D712F4 /* PBXContainerItemProxy */ = {
			isa = PBXContainerItemProxy;
			containerPortal = 3EFB88FC25BC7DDA00D712F4 /* Project object */;
			proxyType = 1;
			remoteGlobalIDString = 3EFB890425BC7DDA00D712F4;
			remoteInfo = EssentialFeed;
		};
/* End PBXContainerItemProxy section */

/* Begin PBXFileReference section */
		3E09360525DBB148000CC953 /* RemoteFeedItem.swift */ = {isa = PBXFileReference; lastKnownFileType = sourcecode.swift; path = RemoteFeedItem.swift; sourceTree = "<group>"; };
		3E09360A25DBB15A000CC953 /* LocalFeedImage.swift */ = {isa = PBXFileReference; lastKnownFileType = sourcecode.swift; path = LocalFeedImage.swift; sourceTree = "<group>"; };
		3E1780E725C4A34B00684740 /* URLSessionHTTPClientTests.swift */ = {isa = PBXFileReference; lastKnownFileType = sourcecode.swift; path = URLSessionHTTPClientTests.swift; sourceTree = "<group>"; };
		3E1A4E0F25C8251E00281EBA /* XCTestCase+MemoryLeakTracking.swift */ = {isa = PBXFileReference; lastKnownFileType = sourcecode.swift; path = "XCTestCase+MemoryLeakTracking.swift"; sourceTree = "<group>"; };
		3E1A4E2025C8585400281EBA /* URLSessionHTTPClient.swift */ = {isa = PBXFileReference; lastKnownFileType = sourcecode.swift; path = URLSessionHTTPClient.swift; sourceTree = "<group>"; };
		3E26A61D25D996AD009F88A7 /* CacheFeedUseCaseTests.swift */ = {isa = PBXFileReference; lastKnownFileType = sourcecode.swift; path = CacheFeedUseCaseTests.swift; sourceTree = "<group>"; };
		3E26A62625D9CA89009F88A7 /* LocalFeedLoader.swift */ = {isa = PBXFileReference; lastKnownFileType = sourcecode.swift; path = LocalFeedLoader.swift; sourceTree = "<group>"; };
		3E26A62B25D9CAB1009F88A7 /* FeedStore.swift */ = {isa = PBXFileReference; lastKnownFileType = sourcecode.swift; path = FeedStore.swift; sourceTree = "<group>"; };
		3E294EC225CA96FE00DBD681 /* EssentialFeedAPIEndToEndTests.xctest */ = {isa = PBXFileReference; explicitFileType = wrapper.cfbundle; includeInIndex = 0; path = EssentialFeedAPIEndToEndTests.xctest; sourceTree = BUILT_PRODUCTS_DIR; };
		3E294EC425CA96FE00DBD681 /* EssentialFeedAPIEndToEndTests.swift */ = {isa = PBXFileReference; lastKnownFileType = sourcecode.swift; path = EssentialFeedAPIEndToEndTests.swift; sourceTree = "<group>"; };
		3E294EC625CA96FE00DBD681 /* Info.plist */ = {isa = PBXFileReference; lastKnownFileType = text.plist.xml; path = Info.plist; sourceTree = "<group>"; };
		3E40F57A25E6645900E8241B /* ValidateFeedCacheUseCaseTests.swift */ = {isa = PBXFileReference; lastKnownFileType = sourcecode.swift; path = ValidateFeedCacheUseCaseTests.swift; sourceTree = "<group>"; };
		3E40F57F25E6786300E8241B /* FeedCacheTestHelpers.swift */ = {isa = PBXFileReference; lastKnownFileType = sourcecode.swift; path = FeedCacheTestHelpers.swift; sourceTree = "<group>"; };
		3E40F58425E6791B00E8241B /* SharedTestHelpers.swift */ = {isa = PBXFileReference; lastKnownFileType = sourcecode.swift; path = SharedTestHelpers.swift; sourceTree = "<group>"; };
		3E52A37C25C0BD8B00633B78 /* HTTPClient.swift */ = {isa = PBXFileReference; lastKnownFileType = sourcecode.swift; path = HTTPClient.swift; sourceTree = "<group>"; };
		3E52A38025C0BDA700633B78 /* FeedItemsMapper.swift */ = {isa = PBXFileReference; lastKnownFileType = sourcecode.swift; path = FeedItemsMapper.swift; sourceTree = "<group>"; };
		3E5751F125E7BBFB00360FDD /* FeedCachePolicy.swift */ = {isa = PBXFileReference; lastKnownFileType = sourcecode.swift; path = FeedCachePolicy.swift; sourceTree = "<group>"; };
		3E7F5DA525E8E67200BCFF12 /* CodableFeedStoreTests.swift */ = {isa = PBXFileReference; lastKnownFileType = sourcecode.swift; path = CodableFeedStoreTests.swift; sourceTree = "<group>"; };
		3EAD4A9725E3BBCD0026A026 /* LoadFeedFromCacheUseCaseTests.swift */ = {isa = PBXFileReference; lastKnownFileType = sourcecode.swift; path = LoadFeedFromCacheUseCaseTests.swift; sourceTree = "<group>"; };
		3EAD4A9D25E3BF190026A026 /* FeedStoreSpy.swift */ = {isa = PBXFileReference; lastKnownFileType = sourcecode.swift; path = FeedStoreSpy.swift; sourceTree = "<group>"; };
		3ECC206025EAEC3F00CD94AB /* CodableFeedStore.swift */ = {isa = PBXFileReference; lastKnownFileType = sourcecode.swift; path = CodableFeedStore.swift; sourceTree = "<group>"; };
		3ECC206825EB01A300CD94AB /* FeedStoreSpecs.swift */ = {isa = PBXFileReference; lastKnownFileType = sourcecode.swift; path = FeedStoreSpecs.swift; sourceTree = "<group>"; };
		3ECC207025EB0AD100CD94AB /* XCTestCase+FeedStoreSpecs.swift */ = {isa = PBXFileReference; lastKnownFileType = sourcecode.swift; path = "XCTestCase+FeedStoreSpecs.swift"; sourceTree = "<group>"; };
		3ECC207825EB0FAB00CD94AB /* XCTestCase+FailableRetrieveFeedStoreSpecs.swift */ = {isa = PBXFileReference; lastKnownFileType = sourcecode.swift; path = "XCTestCase+FailableRetrieveFeedStoreSpecs.swift"; sourceTree = "<group>"; };
		3ECC207D25EB108E00CD94AB /* XCTestCase+FailableInsertFeedStoreSpecs.swift */ = {isa = PBXFileReference; lastKnownFileType = sourcecode.swift; path = "XCTestCase+FailableInsertFeedStoreSpecs.swift"; sourceTree = "<group>"; };
		3ECC208525EB118D00CD94AB /* XCTestCase+FailableDeleteFeedStoreSpecs.swift */ = {isa = PBXFileReference; lastKnownFileType = sourcecode.swift; path = "XCTestCase+FailableDeleteFeedStoreSpecs.swift"; sourceTree = "<group>"; };
		3EFB890525BC7DDA00D712F4 /* EssentialFeed.framework */ = {isa = PBXFileReference; explicitFileType = wrapper.framework; includeInIndex = 0; path = EssentialFeed.framework; sourceTree = BUILT_PRODUCTS_DIR; };
		3EFB890825BC7DDA00D712F4 /* EssentialFeed.h */ = {isa = PBXFileReference; lastKnownFileType = sourcecode.c.h; path = EssentialFeed.h; sourceTree = "<group>"; };
		3EFB890925BC7DDA00D712F4 /* Info.plist */ = {isa = PBXFileReference; lastKnownFileType = text.plist.xml; path = Info.plist; sourceTree = "<group>"; };
		3EFB890E25BC7DDA00D712F4 /* EssentialFeedTests.xctest */ = {isa = PBXFileReference; explicitFileType = wrapper.cfbundle; includeInIndex = 0; path = EssentialFeedTests.xctest; sourceTree = BUILT_PRODUCTS_DIR; };
		3EFB891525BC7DDA00D712F4 /* Info.plist */ = {isa = PBXFileReference; lastKnownFileType = text.plist.xml; path = Info.plist; sourceTree = "<group>"; };
		3EFB892625BC7E5200D712F4 /* FeedImage.swift */ = {isa = PBXFileReference; lastKnownFileType = sourcecode.swift; path = FeedImage.swift; sourceTree = "<group>"; };
		3EFB892A25BC7E6200D712F4 /* FeedLoader.swift */ = {isa = PBXFileReference; lastKnownFileType = sourcecode.swift; path = FeedLoader.swift; sourceTree = "<group>"; };
		3EFB892E25BC7E6E00D712F4 /* Resources */ = {isa = PBXFileReference; lastKnownFileType = folder; path = Resources; sourceTree = "<group>"; };
		3EFB893625BCD24400D712F4 /* LoadFeedFromRemoteUseCaseTests.swift */ = {isa = PBXFileReference; lastKnownFileType = sourcecode.swift; path = LoadFeedFromRemoteUseCaseTests.swift; sourceTree = "<group>"; };
		3EFB893B25BDBDA900D712F4 /* RemoteFeedLoader.swift */ = {isa = PBXFileReference; lastKnownFileType = sourcecode.swift; path = RemoteFeedLoader.swift; sourceTree = "<group>"; };
/* End PBXFileReference section */

/* Begin PBXFrameworksBuildPhase section */
		3E294EBF25CA96FE00DBD681 /* Frameworks */ = {
			isa = PBXFrameworksBuildPhase;
			buildActionMask = 2147483647;
			files = (
				3E294EC725CA96FE00DBD681 /* EssentialFeed.framework in Frameworks */,
			);
			runOnlyForDeploymentPostprocessing = 0;
		};
		3EFB890225BC7DDA00D712F4 /* Frameworks */ = {
			isa = PBXFrameworksBuildPhase;
			buildActionMask = 2147483647;
			files = (
			);
			runOnlyForDeploymentPostprocessing = 0;
		};
		3EFB890B25BC7DDA00D712F4 /* Frameworks */ = {
			isa = PBXFrameworksBuildPhase;
			buildActionMask = 2147483647;
			files = (
				3EFB890F25BC7DDA00D712F4 /* EssentialFeed.framework in Frameworks */,
			);
			runOnlyForDeploymentPostprocessing = 0;
		};
/* End PBXFrameworksBuildPhase section */

/* Begin PBXGroup section */
		3E1A4E0E25C8250000281EBA /* Helpers (Shared) */ = {
			isa = PBXGroup;
			children = (
				3E40F58425E6791B00E8241B /* SharedTestHelpers.swift */,
				3ECC208525EB118D00CD94AB /* XCTestCase+FailableDeleteFeedStoreSpecs.swift */,
				3ECC207D25EB108E00CD94AB /* XCTestCase+FailableInsertFeedStoreSpecs.swift */,
				3ECC207825EB0FAB00CD94AB /* XCTestCase+FailableRetrieveFeedStoreSpecs.swift */,
				3ECC207025EB0AD100CD94AB /* XCTestCase+FeedStoreSpecs.swift */,
				3E1A4E0F25C8251E00281EBA /* XCTestCase+MemoryLeakTracking.swift */,
			);
			path = "Helpers (Shared)";
			sourceTree = "<group>";
		};
		3E26A61C25D99699009F88A7 /* FeedCache */ = {
			isa = PBXGroup;
			children = (
				3EAD4A9C25E3BF0F0026A026 /* Helpers */,
				3E26A61D25D996AD009F88A7 /* CacheFeedUseCaseTests.swift */,
				3E7F5DA525E8E67200BCFF12 /* CodableFeedStoreTests.swift */,
				3ECC206825EB01A300CD94AB /* FeedStoreSpecs.swift */,
				3EAD4A9725E3BBCD0026A026 /* LoadFeedFromCacheUseCaseTests.swift */,
				3E40F57A25E6645900E8241B /* ValidateFeedCacheUseCaseTests.swift */,
			);
			path = FeedCache;
			sourceTree = "<group>";
		};
		3E26A62525D9CA7D009F88A7 /* FeedCache */ = {
			isa = PBXGroup;
			children = (
				3ECC206025EAEC3F00CD94AB /* CodableFeedStore.swift */,
				3E5751F125E7BBFB00360FDD /* FeedCachePolicy.swift */,
				3E26A62B25D9CAB1009F88A7 /* FeedStore.swift */,
				3E09360A25DBB15A000CC953 /* LocalFeedImage.swift */,
				3E26A62625D9CA89009F88A7 /* LocalFeedLoader.swift */,
			);
			path = FeedCache;
			sourceTree = "<group>";
		};
		3E294EC325CA96FE00DBD681 /* EssentialFeedAPIEndToEndTests */ = {
			isa = PBXGroup;
			children = (
				3E294EC425CA96FE00DBD681 /* EssentialFeedAPIEndToEndTests.swift */,
				3E294EC625CA96FE00DBD681 /* Info.plist */,
			);
			path = EssentialFeedAPIEndToEndTests;
			sourceTree = "<group>";
		};
		3E52A38425C0C6FB00633B78 /* FeedAPI */ = {
			isa = PBXGroup;
			children = (
				3EFB893625BCD24400D712F4 /* LoadFeedFromRemoteUseCaseTests.swift */,
				3E1780E725C4A34B00684740 /* URLSessionHTTPClientTests.swift */,
			);
			path = FeedAPI;
			sourceTree = "<group>";
		};
		3EAD4A9C25E3BF0F0026A026 /* Helpers */ = {
			isa = PBXGroup;
			children = (
				3E40F57F25E6786300E8241B /* FeedCacheTestHelpers.swift */,
				3EAD4A9D25E3BF190026A026 /* FeedStoreSpy.swift */,
			);
			path = Helpers;
			sourceTree = "<group>";
		};
		3EFB88FB25BC7DDA00D712F4 = {
			isa = PBXGroup;
			children = (
				3EFB890725BC7DDA00D712F4 /* EssentialFeed */,
				3EFB891225BC7DDA00D712F4 /* EssentialFeedTests */,
				3E294EC325CA96FE00DBD681 /* EssentialFeedAPIEndToEndTests */,
				3EFB890625BC7DDA00D712F4 /* Products */,
			);
			sourceTree = "<group>";
		};
		3EFB890625BC7DDA00D712F4 /* Products */ = {
			isa = PBXGroup;
			children = (
				3EFB890525BC7DDA00D712F4 /* EssentialFeed.framework */,
				3EFB890E25BC7DDA00D712F4 /* EssentialFeedTests.xctest */,
				3E294EC225CA96FE00DBD681 /* EssentialFeedAPIEndToEndTests.xctest */,
			);
			name = Products;
			sourceTree = "<group>";
		};
		3EFB890725BC7DDA00D712F4 /* EssentialFeed */ = {
			isa = PBXGroup;
			children = (
				3EFB890825BC7DDA00D712F4 /* EssentialFeed.h */,
				3EFB890925BC7DDA00D712F4 /* Info.plist */,
				3EFB893A25BDBD9800D712F4 /* FeedAPI */,
				3E26A62525D9CA7D009F88A7 /* FeedCache */,
				3EFB892525BC7E4A00D712F4 /* FeedFeature */,
				3EFB892E25BC7E6E00D712F4 /* Resources */,
			);
			path = EssentialFeed;
			sourceTree = "<group>";
		};
		3EFB891225BC7DDA00D712F4 /* EssentialFeedTests */ = {
			isa = PBXGroup;
			children = (
				3EFB891525BC7DDA00D712F4 /* Info.plist */,
				3E52A38425C0C6FB00633B78 /* FeedAPI */,
				3E26A61C25D99699009F88A7 /* FeedCache */,
				3E1A4E0E25C8250000281EBA /* Helpers (Shared) */,
			);
			path = EssentialFeedTests;
			sourceTree = "<group>";
		};
		3EFB892525BC7E4A00D712F4 /* FeedFeature */ = {
			isa = PBXGroup;
			children = (
				3EFB892625BC7E5200D712F4 /* FeedImage.swift */,
				3EFB892A25BC7E6200D712F4 /* FeedLoader.swift */,
			);
			path = FeedFeature;
			sourceTree = "<group>";
		};
		3EFB893A25BDBD9800D712F4 /* FeedAPI */ = {
			isa = PBXGroup;
			children = (
				3E52A38025C0BDA700633B78 /* FeedItemsMapper.swift */,
				3E52A37C25C0BD8B00633B78 /* HTTPClient.swift */,
				3E09360525DBB148000CC953 /* RemoteFeedItem.swift */,
				3EFB893B25BDBDA900D712F4 /* RemoteFeedLoader.swift */,
				3E1A4E2025C8585400281EBA /* URLSessionHTTPClient.swift */,
			);
			path = FeedAPI;
			sourceTree = "<group>";
		};
/* End PBXGroup section */

/* Begin PBXHeadersBuildPhase section */
		3EFB890025BC7DDA00D712F4 /* Headers */ = {
			isa = PBXHeadersBuildPhase;
			buildActionMask = 2147483647;
			files = (
				3EFB891625BC7DDA00D712F4 /* EssentialFeed.h in Headers */,
			);
			runOnlyForDeploymentPostprocessing = 0;
		};
/* End PBXHeadersBuildPhase section */

/* Begin PBXNativeTarget section */
		3E294EC125CA96FE00DBD681 /* EssentialFeedAPIEndToEndTests */ = {
			isa = PBXNativeTarget;
			buildConfigurationList = 3E294ECC25CA96FE00DBD681 /* Build configuration list for PBXNativeTarget "EssentialFeedAPIEndToEndTests" */;
			buildPhases = (
				3E294EBE25CA96FE00DBD681 /* Sources */,
				3E294EBF25CA96FE00DBD681 /* Frameworks */,
				3E294EC025CA96FE00DBD681 /* Resources */,
			);
			buildRules = (
			);
			dependencies = (
				3E294EC925CA96FE00DBD681 /* PBXTargetDependency */,
			);
			name = EssentialFeedAPIEndToEndTests;
			productName = EssentialFeedAPIEndToEndTests;
			productReference = 3E294EC225CA96FE00DBD681 /* EssentialFeedAPIEndToEndTests.xctest */;
			productType = "com.apple.product-type.bundle.unit-test";
		};
		3EFB890425BC7DDA00D712F4 /* EssentialFeed */ = {
			isa = PBXNativeTarget;
			buildConfigurationList = 3EFB891925BC7DDA00D712F4 /* Build configuration list for PBXNativeTarget "EssentialFeed" */;
			buildPhases = (
				3EFB890025BC7DDA00D712F4 /* Headers */,
				3EFB890125BC7DDA00D712F4 /* Sources */,
				3EFB890225BC7DDA00D712F4 /* Frameworks */,
				3EFB890325BC7DDA00D712F4 /* Resources */,
			);
			buildRules = (
			);
			dependencies = (
			);
			name = EssentialFeed;
			productName = EssentialFeed;
			productReference = 3EFB890525BC7DDA00D712F4 /* EssentialFeed.framework */;
			productType = "com.apple.product-type.framework";
		};
		3EFB890D25BC7DDA00D712F4 /* EssentialFeedTests */ = {
			isa = PBXNativeTarget;
			buildConfigurationList = 3EFB891C25BC7DDA00D712F4 /* Build configuration list for PBXNativeTarget "EssentialFeedTests" */;
			buildPhases = (
				3EFB890A25BC7DDA00D712F4 /* Sources */,
				3EFB890B25BC7DDA00D712F4 /* Frameworks */,
				3EFB890C25BC7DDA00D712F4 /* Resources */,
			);
			buildRules = (
			);
			dependencies = (
				3EFB891125BC7DDA00D712F4 /* PBXTargetDependency */,
			);
			name = EssentialFeedTests;
			productName = EssentialFeedTests;
			productReference = 3EFB890E25BC7DDA00D712F4 /* EssentialFeedTests.xctest */;
			productType = "com.apple.product-type.bundle.unit-test";
		};
/* End PBXNativeTarget section */

/* Begin PBXProject section */
		3EFB88FC25BC7DDA00D712F4 /* Project object */ = {
			isa = PBXProject;
			attributes = {
				LastSwiftUpdateCheck = 1230;
				LastUpgradeCheck = 1230;
				TargetAttributes = {
					3E294EC125CA96FE00DBD681 = {
						CreatedOnToolsVersion = 12.3;
					};
					3EFB890425BC7DDA00D712F4 = {
						CreatedOnToolsVersion = 12.3;
						LastSwiftMigration = 1230;
					};
					3EFB890D25BC7DDA00D712F4 = {
						CreatedOnToolsVersion = 12.3;
						LastSwiftMigration = 1230;
					};
				};
			};
			buildConfigurationList = 3EFB88FF25BC7DDA00D712F4 /* Build configuration list for PBXProject "EssentialFeed" */;
			compatibilityVersion = "Xcode 9.3";
			developmentRegion = en;
			hasScannedForEncodings = 0;
			knownRegions = (
				en,
				Base,
			);
			mainGroup = 3EFB88FB25BC7DDA00D712F4;
			productRefGroup = 3EFB890625BC7DDA00D712F4 /* Products */;
			projectDirPath = "";
			projectRoot = "";
			targets = (
				3EFB890425BC7DDA00D712F4 /* EssentialFeed */,
				3EFB890D25BC7DDA00D712F4 /* EssentialFeedTests */,
				3E294EC125CA96FE00DBD681 /* EssentialFeedAPIEndToEndTests */,
			);
		};
/* End PBXProject section */

/* Begin PBXResourcesBuildPhase section */
		3E294EC025CA96FE00DBD681 /* Resources */ = {
			isa = PBXResourcesBuildPhase;
			buildActionMask = 2147483647;
			files = (
			);
			runOnlyForDeploymentPostprocessing = 0;
		};
		3EFB890325BC7DDA00D712F4 /* Resources */ = {
			isa = PBXResourcesBuildPhase;
			buildActionMask = 2147483647;
			files = (
				3EFB892F25BC7E6E00D712F4 /* Resources in Resources */,
			);
			runOnlyForDeploymentPostprocessing = 0;
		};
		3EFB890C25BC7DDA00D712F4 /* Resources */ = {
			isa = PBXResourcesBuildPhase;
			buildActionMask = 2147483647;
			files = (
			);
			runOnlyForDeploymentPostprocessing = 0;
		};
/* End PBXResourcesBuildPhase section */

/* Begin PBXSourcesBuildPhase section */
		3E294EBE25CA96FE00DBD681 /* Sources */ = {
			isa = PBXSourcesBuildPhase;
			buildActionMask = 2147483647;
			files = (
				3E294EC525CA96FE00DBD681 /* EssentialFeedAPIEndToEndTests.swift in Sources */,
				3E294ED025CA9BDA00DBD681 /* XCTestCase+MemoryLeakTracking.swift in Sources */,
			);
			runOnlyForDeploymentPostprocessing = 0;
		};
		3EFB890125BC7DDA00D712F4 /* Sources */ = {
			isa = PBXSourcesBuildPhase;
			buildActionMask = 2147483647;
			files = (
				3E52A38125C0BDA700633B78 /* FeedItemsMapper.swift in Sources */,
				3EFB892B25BC7E6200D712F4 /* FeedLoader.swift in Sources */,
				3E09360625DBB148000CC953 /* RemoteFeedItem.swift in Sources */,
				3E5751F225E7BBFB00360FDD /* FeedCachePolicy.swift in Sources */,
				3EFB893C25BDBDA900D712F4 /* RemoteFeedLoader.swift in Sources */,
				3E09360B25DBB15A000CC953 /* LocalFeedImage.swift in Sources */,
				3E26A62C25D9CAB1009F88A7 /* FeedStore.swift in Sources */,
				3E26A62725D9CA89009F88A7 /* LocalFeedLoader.swift in Sources */,
				3ECC206125EAEC3F00CD94AB /* CodableFeedStore.swift in Sources */,
				3E52A37D25C0BD8B00633B78 /* HTTPClient.swift in Sources */,
				3EFB892725BC7E5200D712F4 /* FeedImage.swift in Sources */,
				3E1A4E2125C8585400281EBA /* URLSessionHTTPClient.swift in Sources */,
			);
			runOnlyForDeploymentPostprocessing = 0;
		};
		3EFB890A25BC7DDA00D712F4 /* Sources */ = {
			isa = PBXSourcesBuildPhase;
			buildActionMask = 2147483647;
			files = (
				3E7F5DA625E8E67200BCFF12 /* CodableFeedStoreTests.swift in Sources */,
				3E40F58025E6786300E8241B /* FeedCacheTestHelpers.swift in Sources */,
				3E40F57B25E6645900E8241B /* ValidateFeedCacheUseCaseTests.swift in Sources */,
				3EFB893725BCD24400D712F4 /* LoadFeedFromRemoteUseCaseTests.swift in Sources */,
				3ECC207E25EB108E00CD94AB /* XCTestCase+FailableInsertFeedStoreSpecs.swift in Sources */,
				3E1780E825C4A34B00684740 /* URLSessionHTTPClientTests.swift in Sources */,
				3EAD4A9E25E3BF190026A026 /* FeedStoreSpy.swift in Sources */,
				3E40F58525E6791B00E8241B /* SharedTestHelpers.swift in Sources */,
				3E26A61E25D996AD009F88A7 /* CacheFeedUseCaseTests.swift in Sources */,
				3ECC208625EB118D00CD94AB /* XCTestCase+FailableDeleteFeedStoreSpecs.swift in Sources */,
				3ECC207925EB0FAB00CD94AB /* XCTestCase+FailableRetrieveFeedStoreSpecs.swift in Sources */,
				3EAD4A9825E3BBCD0026A026 /* LoadFeedFromCacheUseCaseTests.swift in Sources */,
				3ECC206925EB01A400CD94AB /* FeedStoreSpecs.swift in Sources */,
				3E1A4E1025C8251E00281EBA /* XCTestCase+MemoryLeakTracking.swift in Sources */,
				3ECC207125EB0AD100CD94AB /* XCTestCase+FeedStoreSpecs.swift in Sources */,
			);
			runOnlyForDeploymentPostprocessing = 0;
		};
/* End PBXSourcesBuildPhase section */

/* Begin PBXTargetDependency section */
		3E294EC925CA96FE00DBD681 /* PBXTargetDependency */ = {
			isa = PBXTargetDependency;
			target = 3EFB890425BC7DDA00D712F4 /* EssentialFeed */;
			targetProxy = 3E294EC825CA96FE00DBD681 /* PBXContainerItemProxy */;
		};
		3EFB891125BC7DDA00D712F4 /* PBXTargetDependency */ = {
			isa = PBXTargetDependency;
			target = 3EFB890425BC7DDA00D712F4 /* EssentialFeed */;
			targetProxy = 3EFB891025BC7DDA00D712F4 /* PBXContainerItemProxy */;
		};
/* End PBXTargetDependency section */

/* Begin XCBuildConfiguration section */
		3E294ECA25CA96FE00DBD681 /* Debug */ = {
			isa = XCBuildConfiguration;
			buildSettings = {
				CODE_SIGN_STYLE = Automatic;
				COMBINE_HIDPI_IMAGES = YES;
				DEVELOPMENT_TEAM = 8S3FTRWYE7;
				INFOPLIST_FILE = EssentialFeedAPIEndToEndTests/Info.plist;
				LD_RUNPATH_SEARCH_PATHS = (
					"$(inherited)",
					"@executable_path/../Frameworks",
					"@loader_path/../Frameworks",
				);
				PRODUCT_BUNDLE_IDENTIFIER = net.kubilayerdogan.EssentialFeedAPIEndToEndTests;
				PRODUCT_NAME = "$(TARGET_NAME)";
				SWIFT_VERSION = 5.0;
			};
			name = Debug;
		};
		3E294ECB25CA96FE00DBD681 /* Release */ = {
			isa = XCBuildConfiguration;
			buildSettings = {
				CODE_SIGN_STYLE = Automatic;
				COMBINE_HIDPI_IMAGES = YES;
				DEVELOPMENT_TEAM = 8S3FTRWYE7;
				INFOPLIST_FILE = EssentialFeedAPIEndToEndTests/Info.plist;
				LD_RUNPATH_SEARCH_PATHS = (
					"$(inherited)",
					"@executable_path/../Frameworks",
					"@loader_path/../Frameworks",
				);
				PRODUCT_BUNDLE_IDENTIFIER = net.kubilayerdogan.EssentialFeedAPIEndToEndTests;
				PRODUCT_NAME = "$(TARGET_NAME)";
				SWIFT_VERSION = 5.0;
			};
			name = Release;
		};
		3EFB891725BC7DDA00D712F4 /* Debug */ = {
			isa = XCBuildConfiguration;
			buildSettings = {
				ALWAYS_SEARCH_USER_PATHS = NO;
				CLANG_ANALYZER_NONNULL = YES;
				CLANG_ANALYZER_NUMBER_OBJECT_CONVERSION = YES_AGGRESSIVE;
				CLANG_CXX_LANGUAGE_STANDARD = "gnu++14";
				CLANG_CXX_LIBRARY = "libc++";
				CLANG_ENABLE_MODULES = YES;
				CLANG_ENABLE_OBJC_ARC = YES;
				CLANG_ENABLE_OBJC_WEAK = YES;
				CLANG_WARN_BLOCK_CAPTURE_AUTORELEASING = YES;
				CLANG_WARN_BOOL_CONVERSION = YES;
				CLANG_WARN_COMMA = YES;
				CLANG_WARN_CONSTANT_CONVERSION = YES;
				CLANG_WARN_DEPRECATED_OBJC_IMPLEMENTATIONS = YES;
				CLANG_WARN_DIRECT_OBJC_ISA_USAGE = YES_ERROR;
				CLANG_WARN_DOCUMENTATION_COMMENTS = YES;
				CLANG_WARN_EMPTY_BODY = YES;
				CLANG_WARN_ENUM_CONVERSION = YES;
				CLANG_WARN_INFINITE_RECURSION = YES;
				CLANG_WARN_INT_CONVERSION = YES;
				CLANG_WARN_NON_LITERAL_NULL_CONVERSION = YES;
				CLANG_WARN_OBJC_IMPLICIT_RETAIN_SELF = YES;
				CLANG_WARN_OBJC_LITERAL_CONVERSION = YES;
				CLANG_WARN_OBJC_ROOT_CLASS = YES_ERROR;
				CLANG_WARN_QUOTED_INCLUDE_IN_FRAMEWORK_HEADER = YES;
				CLANG_WARN_RANGE_LOOP_ANALYSIS = YES;
				CLANG_WARN_STRICT_PROTOTYPES = YES;
				CLANG_WARN_SUSPICIOUS_MOVE = YES;
				CLANG_WARN_UNGUARDED_AVAILABILITY = YES_AGGRESSIVE;
				CLANG_WARN_UNREACHABLE_CODE = YES;
				CLANG_WARN__DUPLICATE_METHOD_MATCH = YES;
				COPY_PHASE_STRIP = NO;
				CURRENT_PROJECT_VERSION = 1;
				DEBUG_INFORMATION_FORMAT = dwarf;
				ENABLE_STRICT_OBJC_MSGSEND = YES;
				ENABLE_TESTABILITY = YES;
				GCC_C_LANGUAGE_STANDARD = gnu11;
				GCC_DYNAMIC_NO_PIC = NO;
				GCC_NO_COMMON_BLOCKS = YES;
				GCC_OPTIMIZATION_LEVEL = 0;
				GCC_PREPROCESSOR_DEFINITIONS = (
					"DEBUG=1",
					"$(inherited)",
				);
				GCC_WARN_64_TO_32_BIT_CONVERSION = YES;
				GCC_WARN_ABOUT_RETURN_TYPE = YES_ERROR;
				GCC_WARN_UNDECLARED_SELECTOR = YES;
				GCC_WARN_UNINITIALIZED_AUTOS = YES_AGGRESSIVE;
				GCC_WARN_UNUSED_FUNCTION = YES;
				GCC_WARN_UNUSED_VARIABLE = YES;
				MACOSX_DEPLOYMENT_TARGET = 10.15;
				MTL_ENABLE_DEBUG_INFO = INCLUDE_SOURCE;
				MTL_FAST_MATH = YES;
				ONLY_ACTIVE_ARCH = YES;
				SDKROOT = macosx;
				SWIFT_ACTIVE_COMPILATION_CONDITIONS = DEBUG;
				SWIFT_OPTIMIZATION_LEVEL = "-Onone";
				VERSIONING_SYSTEM = "apple-generic";
				VERSION_INFO_PREFIX = "";
			};
			name = Debug;
		};
		3EFB891825BC7DDA00D712F4 /* Release */ = {
			isa = XCBuildConfiguration;
			buildSettings = {
				ALWAYS_SEARCH_USER_PATHS = NO;
				CLANG_ANALYZER_NONNULL = YES;
				CLANG_ANALYZER_NUMBER_OBJECT_CONVERSION = YES_AGGRESSIVE;
				CLANG_CXX_LANGUAGE_STANDARD = "gnu++14";
				CLANG_CXX_LIBRARY = "libc++";
				CLANG_ENABLE_MODULES = YES;
				CLANG_ENABLE_OBJC_ARC = YES;
				CLANG_ENABLE_OBJC_WEAK = YES;
				CLANG_WARN_BLOCK_CAPTURE_AUTORELEASING = YES;
				CLANG_WARN_BOOL_CONVERSION = YES;
				CLANG_WARN_COMMA = YES;
				CLANG_WARN_CONSTANT_CONVERSION = YES;
				CLANG_WARN_DEPRECATED_OBJC_IMPLEMENTATIONS = YES;
				CLANG_WARN_DIRECT_OBJC_ISA_USAGE = YES_ERROR;
				CLANG_WARN_DOCUMENTATION_COMMENTS = YES;
				CLANG_WARN_EMPTY_BODY = YES;
				CLANG_WARN_ENUM_CONVERSION = YES;
				CLANG_WARN_INFINITE_RECURSION = YES;
				CLANG_WARN_INT_CONVERSION = YES;
				CLANG_WARN_NON_LITERAL_NULL_CONVERSION = YES;
				CLANG_WARN_OBJC_IMPLICIT_RETAIN_SELF = YES;
				CLANG_WARN_OBJC_LITERAL_CONVERSION = YES;
				CLANG_WARN_OBJC_ROOT_CLASS = YES_ERROR;
				CLANG_WARN_QUOTED_INCLUDE_IN_FRAMEWORK_HEADER = YES;
				CLANG_WARN_RANGE_LOOP_ANALYSIS = YES;
				CLANG_WARN_STRICT_PROTOTYPES = YES;
				CLANG_WARN_SUSPICIOUS_MOVE = YES;
				CLANG_WARN_UNGUARDED_AVAILABILITY = YES_AGGRESSIVE;
				CLANG_WARN_UNREACHABLE_CODE = YES;
				CLANG_WARN__DUPLICATE_METHOD_MATCH = YES;
				COPY_PHASE_STRIP = NO;
				CURRENT_PROJECT_VERSION = 1;
				DEBUG_INFORMATION_FORMAT = "dwarf-with-dsym";
				ENABLE_NS_ASSERTIONS = NO;
				ENABLE_STRICT_OBJC_MSGSEND = YES;
				GCC_C_LANGUAGE_STANDARD = gnu11;
				GCC_NO_COMMON_BLOCKS = YES;
				GCC_WARN_64_TO_32_BIT_CONVERSION = YES;
				GCC_WARN_ABOUT_RETURN_TYPE = YES_ERROR;
				GCC_WARN_UNDECLARED_SELECTOR = YES;
				GCC_WARN_UNINITIALIZED_AUTOS = YES_AGGRESSIVE;
				GCC_WARN_UNUSED_FUNCTION = YES;
				GCC_WARN_UNUSED_VARIABLE = YES;
				MACOSX_DEPLOYMENT_TARGET = 10.15;
				MTL_ENABLE_DEBUG_INFO = NO;
				MTL_FAST_MATH = YES;
				SDKROOT = macosx;
				SWIFT_COMPILATION_MODE = wholemodule;
				SWIFT_OPTIMIZATION_LEVEL = "-O";
				VERSIONING_SYSTEM = "apple-generic";
				VERSION_INFO_PREFIX = "";
			};
			name = Release;
		};
		3EFB891A25BC7DDA00D712F4 /* Debug */ = {
			isa = XCBuildConfiguration;
			buildSettings = {
				CLANG_ENABLE_MODULES = YES;
				CODE_SIGN_STYLE = Automatic;
				COMBINE_HIDPI_IMAGES = YES;
				DEFINES_MODULE = YES;
				DEVELOPMENT_TEAM = 8S3FTRWYE7;
				DYLIB_COMPATIBILITY_VERSION = 1;
				DYLIB_CURRENT_VERSION = 1;
				DYLIB_INSTALL_NAME_BASE = "@rpath";
				INFOPLIST_FILE = EssentialFeed/Info.plist;
				INSTALL_PATH = "$(LOCAL_LIBRARY_DIR)/Frameworks";
				LD_RUNPATH_SEARCH_PATHS = (
					"$(inherited)",
					"@executable_path/../Frameworks",
					"@loader_path/Frameworks",
				);
				PRODUCT_BUNDLE_IDENTIFIER = net.kubilayerdogan.EssentialFeed;
				PRODUCT_NAME = "$(TARGET_NAME:c99extidentifier)";
				SKIP_INSTALL = YES;
				SWIFT_OPTIMIZATION_LEVEL = "-Onone";
				SWIFT_VERSION = 5.0;
			};
			name = Debug;
		};
		3EFB891B25BC7DDA00D712F4 /* Release */ = {
			isa = XCBuildConfiguration;
			buildSettings = {
				CLANG_ENABLE_MODULES = YES;
				CODE_SIGN_STYLE = Automatic;
				COMBINE_HIDPI_IMAGES = YES;
				DEFINES_MODULE = YES;
				DEVELOPMENT_TEAM = 8S3FTRWYE7;
				DYLIB_COMPATIBILITY_VERSION = 1;
				DYLIB_CURRENT_VERSION = 1;
				DYLIB_INSTALL_NAME_BASE = "@rpath";
				INFOPLIST_FILE = EssentialFeed/Info.plist;
				INSTALL_PATH = "$(LOCAL_LIBRARY_DIR)/Frameworks";
				LD_RUNPATH_SEARCH_PATHS = (
					"$(inherited)",
					"@executable_path/../Frameworks",
					"@loader_path/Frameworks",
				);
				PRODUCT_BUNDLE_IDENTIFIER = net.kubilayerdogan.EssentialFeed;
				PRODUCT_NAME = "$(TARGET_NAME:c99extidentifier)";
				SKIP_INSTALL = YES;
				SWIFT_VERSION = 5.0;
			};
			name = Release;
		};
		3EFB891D25BC7DDA00D712F4 /* Debug */ = {
			isa = XCBuildConfiguration;
			buildSettings = {
				ALWAYS_EMBED_SWIFT_STANDARD_LIBRARIES = YES;
				CLANG_ENABLE_MODULES = YES;
				CODE_SIGN_STYLE = Automatic;
				COMBINE_HIDPI_IMAGES = YES;
				DEVELOPMENT_TEAM = 8S3FTRWYE7;
				INFOPLIST_FILE = EssentialFeedTests/Info.plist;
				LD_RUNPATH_SEARCH_PATHS = (
					"$(inherited)",
					"@executable_path/../Frameworks",
					"@loader_path/../Frameworks",
				);
				PRODUCT_BUNDLE_IDENTIFIER = net.kubilayerdogan.EssentialFeedTests;
				PRODUCT_NAME = "$(TARGET_NAME)";
				SWIFT_OPTIMIZATION_LEVEL = "-Onone";
				SWIFT_VERSION = 5.0;
			};
			name = Debug;
		};
		3EFB891E25BC7DDA00D712F4 /* Release */ = {
			isa = XCBuildConfiguration;
			buildSettings = {
				ALWAYS_EMBED_SWIFT_STANDARD_LIBRARIES = YES;
				CLANG_ENABLE_MODULES = YES;
				CODE_SIGN_STYLE = Automatic;
				COMBINE_HIDPI_IMAGES = YES;
				DEVELOPMENT_TEAM = 8S3FTRWYE7;
				INFOPLIST_FILE = EssentialFeedTests/Info.plist;
				LD_RUNPATH_SEARCH_PATHS = (
					"$(inherited)",
					"@executable_path/../Frameworks",
					"@loader_path/../Frameworks",
				);
				PRODUCT_BUNDLE_IDENTIFIER = net.kubilayerdogan.EssentialFeedTests;
				PRODUCT_NAME = "$(TARGET_NAME)";
				SWIFT_VERSION = 5.0;
			};
			name = Release;
		};
/* End XCBuildConfiguration section */

/* Begin XCConfigurationList section */
		3E294ECC25CA96FE00DBD681 /* Build configuration list for PBXNativeTarget "EssentialFeedAPIEndToEndTests" */ = {
			isa = XCConfigurationList;
			buildConfigurations = (
				3E294ECA25CA96FE00DBD681 /* Debug */,
				3E294ECB25CA96FE00DBD681 /* Release */,
			);
			defaultConfigurationIsVisible = 0;
			defaultConfigurationName = Release;
		};
		3EFB88FF25BC7DDA00D712F4 /* Build configuration list for PBXProject "EssentialFeed" */ = {
			isa = XCConfigurationList;
			buildConfigurations = (
				3EFB891725BC7DDA00D712F4 /* Debug */,
				3EFB891825BC7DDA00D712F4 /* Release */,
			);
			defaultConfigurationIsVisible = 0;
			defaultConfigurationName = Release;
		};
		3EFB891925BC7DDA00D712F4 /* Build configuration list for PBXNativeTarget "EssentialFeed" */ = {
			isa = XCConfigurationList;
			buildConfigurations = (
				3EFB891A25BC7DDA00D712F4 /* Debug */,
				3EFB891B25BC7DDA00D712F4 /* Release */,
			);
			defaultConfigurationIsVisible = 0;
			defaultConfigurationName = Release;
		};
		3EFB891C25BC7DDA00D712F4 /* Build configuration list for PBXNativeTarget "EssentialFeedTests" */ = {
			isa = XCConfigurationList;
			buildConfigurations = (
				3EFB891D25BC7DDA00D712F4 /* Debug */,
				3EFB891E25BC7DDA00D712F4 /* Release */,
			);
			defaultConfigurationIsVisible = 0;
			defaultConfigurationName = Release;
		};
/* End XCConfigurationList section */
	};
	rootObject = 3EFB88FC25BC7DDA00D712F4 /* Project object */;
}
